
Microsoft Visual Studio Solution File, Format Version 12.00
# Visual Studio 15
VisualStudioVersion = 15.0.27130.2020
MinimumVisualStudioVersion = 10.0.40219.1
Project("{9A19103F-16F7-4668-BE54-9A1E7A4F7556}") = "SynthenticFinancialManagerSystem.WebApp", "SynthenticFinancialManagerSystem\SynthenticFinancialManagerSystem.WebApp.csproj", "{4F89CDBA-47C7-4989-8396-034DBF77D799}"
EndProject
Project("{9A19103F-16F7-4668-BE54-9A1E7A4F7556}") = "SynthenticFinancialManagerSystem.Services", "SynthenticFinancialManagerSystem.Servicios\SynthenticFinancialManagerSystem.Services.csproj", "{B9EB1493-A559-4A17-977C-02917015282B}"
EndProject
Project("{9A19103F-16F7-4668-BE54-9A1E7A4F7556}") = "SynthenticFinancialManagerSystem.Data", "SynthenticFinancialManagerSystem.Datos\SynthenticFinancialManagerSystem.Data.csproj", "{718355EE-E8A9-4F23-A8BD-3FD938ACC071}"
EndProject
Project("{9A19103F-16F7-4668-BE54-9A1E7A4F7556}") = "SynthenticFinancialManagerSystem.Core", "SynthenticFinancialManagerSystem.Core\SynthenticFinancialManagerSystem.Core.csproj", "{837F8C6A-462B-49B0-8D98-A3D5AD56436D}"
EndProject
Project("{FAE04EC0-301F-11D3-BF4B-00C04F79EFBC}") = "SynthenticFinancialManagerSystem.WebService", "SynthenticFinancialManagerSystem.WebService\SynthenticFinancialManagerSystem.WebService.csproj", "{E97D1058-D08C-4CBC-8873-D47A4BDEC69D}"
EndProject
Global
	GlobalSection(SolutionConfigurationPlatforms) = preSolution
		Debug|Any CPU = Debug|Any CPU
		Release|Any CPU = Release|Any CPU
	EndGlobalSection
	GlobalSection(ProjectConfigurationPlatforms) = postSolution
		{4F89CDBA-47C7-4989-8396-034DBF77D799}.Debug|Any CPU.ActiveCfg = Debug|Any CPU
		{4F89CDBA-47C7-4989-8396-034DBF77D799}.Debug|Any CPU.Build.0 = Debug|Any CPU
		{4F89CDBA-47C7-4989-8396-034DBF77D799}.Release|Any CPU.ActiveCfg = Release|Any CPU
		{4F89CDBA-47C7-4989-8396-034DBF77D799}.Release|Any CPU.Build.0 = Release|Any CPU
		{B9EB1493-A559-4A17-977C-02917015282B}.Debug|Any CPU.ActiveCfg = Debug|Any CPU
		{B9EB1493-A559-4A17-977C-02917015282B}.Debug|Any CPU.Build.0 = Debug|Any CPU
		{B9EB1493-A559-4A17-977C-02917015282B}.Release|Any CPU.ActiveCfg = Release|Any CPU
		{B9EB1493-A559-4A17-977C-02917015282B}.Release|Any CPU.Build.0 = Release|Any CPU
		{718355EE-E8A9-4F23-A8BD-3FD938ACC071}.Debug|Any CPU.ActiveCfg = Debug|Any CPU
		{718355EE-E8A9-4F23-A8BD-3FD938ACC071}.Debug|Any CPU.Build.0 = Debug|Any CPU
		{718355EE-E8A9-4F23-A8BD-3FD938ACC071}.Release|Any CPU.ActiveCfg = Release|Any CPU
		{718355EE-E8A9-4F23-A8BD-3FD938ACC071}.Release|Any CPU.Build.0 = Release|Any CPU
		{837F8C6A-462B-49B0-8D98-A3D5AD56436D}.Debug|Any CPU.ActiveCfg = Debug|Any CPU
		{837F8C6A-462B-49B0-8D98-A3D5AD56436D}.Debug|Any CPU.Build.0 = Debug|Any CPU
		{837F8C6A-462B-49B0-8D98-A3D5AD56436D}.Release|Any CPU.ActiveCfg = Release|Any CPU
		{837F8C6A-462B-49B0-8D98-A3D5AD56436D}.Release|Any CPU.Build.0 = Release|Any CPU
		{E97D1058-D08C-4CBC-8873-D47A4BDEC69D}.Debug|Any CPU.ActiveCfg = Debug|Any CPU
		{E97D1058-D08C-4CBC-8873-D47A4BDEC69D}.Debug|Any CPU.Build.0 = Debug|Any CPU
		{E97D1058-D08C-4CBC-8873-D47A4BDEC69D}.Release|Any CPU.ActiveCfg = Release|Any CPU
		{E97D1058-D08C-4CBC-8873-D47A4BDEC69D}.Release|Any CPU.Build.0 = Release|Any CPU
	EndGlobalSection
	GlobalSection(SolutionProperties) = preSolution
		HideSolutionNode = FALSE
	EndGlobalSection
	GlobalSection(ExtensibilityGlobals) = postSolution
		SolutionGuid = {0BC701C2-77D8-4236-A07D-E1429154571F}
	EndGlobalSection
EndGlobal
